// !$*UTF8*$!
{
	archiveVersion = 1;
	classes = {
	};
	objectVersion = 50;
	objects = {

/* Begin PBXBuildFile section */
		A80F6C0E2307FE2300B58F18 /* AppDelegate.swift in Sources */ = {isa = PBXBuildFile; fileRef = A80F6C0D2307FE2300B58F18 /* AppDelegate.swift */; };
		A80F6C102307FE2300B58F18 /* ViewController.swift in Sources */ = {isa = PBXBuildFile; fileRef = A80F6C0F2307FE2300B58F18 /* ViewController.swift */; };
		A80F6C132307FE2300B58F18 /* Main.storyboard in Resources */ = {isa = PBXBuildFile; fileRef = A80F6C112307FE2300B58F18 /* Main.storyboard */; };
		A80F6C162307FE2300B58F18 /* APITestDemo.xcdatamodeld in Sources */ = {isa = PBXBuildFile; fileRef = A80F6C142307FE2300B58F18 /* APITestDemo.xcdatamodeld */; };
		A80F6C182307FE2500B58F18 /* Assets.xcassets in Resources */ = {isa = PBXBuildFile; fileRef = A80F6C172307FE2500B58F18 /* Assets.xcassets */; };
		A80F6C1B2307FE2500B58F18 /* LaunchScreen.storyboard in Resources */ = {isa = PBXBuildFile; fileRef = A80F6C192307FE2500B58F18 /* LaunchScreen.storyboard */; };
/* End PBXBuildFile section */

/* Begin PBXFileReference section */
		A80F6C0A2307FE2300B58F18 /* APITestDemo.app */ = {isa = PBXFileReference; explicitFileType = wrapper.application; includeInIndex = 0; path = APITestDemo.app; sourceTree = BUILT_PRODUCTS_DIR; };
		A80F6C0D2307FE2300B58F18 /* AppDelegate.swift */ = {isa = PBXFileReference; lastKnownFileType = sourcecode.swift; path = AppDelegate.swift; sourceTree = "<group>"; };
		A80F6C0F2307FE2300B58F18 /* ViewController.swift */ = {isa = PBXFileReference; lastKnownFileType = sourcecode.swift; path = ViewController.swift; sourceTree = "<group>"; };
		A80F6C122307FE2300B58F18 /* Base */ = {isa = PBXFileReference; lastKnownFileType = file.storyboard; name = Base; path = Base.lproj/Main.storyboard; sourceTree = "<group>"; };
		A80F6C152307FE2300B58F18 /* APITestDemo.xcdatamodel */ = {isa = PBXFileReference; lastKnownFileType = wrapper.xcdatamodel; path = APITestDemo.xcdatamodel; sourceTree = "<group>"; };
		A80F6C172307FE2500B58F18 /* Assets.xcassets */ = {isa = PBXFileReference; lastKnownFileType = folder.assetcatalog; path = Assets.xcassets; sourceTree = "<group>"; };
		A80F6C1A2307FE2500B58F18 /* Base */ = {isa = PBXFileReference; lastKnownFileType = file.storyboard; name = Base; path = Base.lproj/LaunchScreen.storyboard; sourceTree = "<group>"; };
		A80F6C1C2307FE2500B58F18 /* Info.plist */ = {isa = PBXFileReference; lastKnownFileType = text.plist.xml; path = Info.plist; sourceTree = "<group>"; };
/* End PBXFileReference section */

/* Begin PBXFrameworksBuildPhase section */
		A80F6C072307FE2300B58F18 /* Frameworks */ = {
			isa = PBXFrameworksBuildPhase;
			buildActionMask = 2147483647;
			files = (
			);
			runOnlyForDeploymentPostprocessing = 0;
		};
/* End PBXFrameworksBuildPhase section */

/* Begin PBXGroup section */
		A80F6C012307FE2300B58F18 = {
			isa = PBXGroup;
			children = (
				A80F6C0C2307FE2300B58F18 /* APITestDemo */,
				A80F6C0B2307FE2300B58F18 /* Products */,
			);
			sourceTree = "<group>";
		};
		A80F6C0B2307FE2300B58F18 /* Products */ = {
			isa = PBXGroup;
			children = (
				A80F6C0A2307FE2300B58F18 /* APITestDemo.app */,
			);
			name = Products;
			sourceTree = "<group>";
		};
		A80F6C0C2307FE2300B58F18 /* APITestDemo */ = {
			isa = PBXGroup;
			children = (
				A80F6C0D2307FE2300B58F18 /* AppDelegate.swift */,
				A80F6C0F2307FE2300B58F18 /* ViewController.swift */,
				A80F6C112307FE2300B58F18 /* Main.storyboard */,
				A80F6C172307FE2500B58F18 /* Assets.xcassets */,
				A80F6C192307FE2500B58F18 /* LaunchScreen.storyboard */,
				A80F6C1C2307FE2500B58F18 /* Info.plist */,
				A80F6C142307FE2300B58F18 /* APITestDemo.xcdatamodeld */,
			);
			path = APITestDemo;
			sourceTree = "<group>";
		};
/* End PBXGroup section */

/* Begin PBXNativeTarget section */
		A80F6C092307FE2300B58F18 /* APITestDemo */ = {
			isa = PBXNativeTarget;
			buildConfigurationList = A80F6C1F2307FE2500B58F18 /* Build configuration list for PBXNativeTarget "APITestDemo" */;
			buildPhases = (
				A80F6C062307FE2300B58F18 /* Sources */,
				A80F6C072307FE2300B58F18 /* Frameworks */,
				A80F6C082307FE2300B58F18 /* Resources */,
			);
			buildRules = (
			);
			dependencies = (
			);
			name = APITestDemo;
			productName = APITestDemo;
			productReference = A80F6C0A2307FE2300B58F18 /* APITestDemo.app */;
			productType = "com.apple.product-type.application";
		};
/* End PBXNativeTarget section */

/* Begin PBXProject section */
		A80F6C022307FE2300B58F18 /* Project object */ = {
			isa = PBXProject;
			attributes = {
				LastSwiftUpdateCheck = 1020;
				LastUpgradeCheck = 1020;
				ORGANIZATIONNAME = Joy;
				TargetAttributes = {
					A80F6C092307FE2300B58F18 = {
						CreatedOnToolsVersion = 10.2.1;
					};
				};
			};
			buildConfigurationList = A80F6C052307FE2300B58F18 /* Build configuration list for PBXProject "APITestDemo" */;
			compatibilityVersion = "Xcode 9.3";
			developmentRegion = en;
			hasScannedForEncodings = 0;
			knownRegions = (
				en,
				Base,
			);
			mainGroup = A80F6C012307FE2300B58F18;
			productRefGroup = A80F6C0B2307FE2300B58F18 /* Products */;
			projectDirPath = "";
			projectRoot = "";
			targets = (
				A80F6C092307FE2300B58F18 /* APITestDemo */,
			);
		};
/* End PBXProject section */

/* Begin PBXResourcesBuildPhase section */
		A80F6C082307FE2300B58F18 /* Resources */ = {
			isa = PBXResourcesBuildPhase;
			buildActionMask = 2147483647;
			files = (
				A80F6C1B2307FE2500B58F18 /* LaunchScreen.storyboard in Resources */,
				A80F6C182307FE2500B58F18 /* Assets.xcassets in Resources */,
				A80F6C132307FE2300B58F18 /* Main.storyboard in Resources */,
			);
			runOnlyForDeploymentPostprocessing = 0;
		};
/* End PBXResourcesBuildPhase section */

/* Begin PBXSourcesBuildPhase section */
		A80F6C062307FE2300B58F18 /* Sources */ = {
			isa = PBXSourcesBuildPhase;
			buildActionMask = 2147483647;
			files = (
				A80F6C102307FE2300B58F18 /* ViewController.swift in Sources */,
				A80F6C162307FE2300B58F18 /* APITestDemo.xcdatamodeld in Sources */,
				A80F6C0E2307FE2300B58F18 /* AppDelegate.swift in Sources */,
			);
			runOnlyForDeploymentPostprocessing = 0;
		};
/* End PBXSourcesBuildPhase section */

/* Begin PBXVariantGroup section */
		A80F6C112307FE2300B58F18 /* Main.storyboard */ = {
			isa = PBXVariantGroup;
			children = (
				A80F6C122307FE2300B58F18 /* Base */,
			);
			name = Main.storyboard;
			sourceTree = "<group>";
		};
		A80F6C192307FE2500B58F18 /* LaunchScreen.storyboard */ = {
			isa = PBXVariantGroup;
			children = (
				A80F6C1A2307FE2500B58F18 /* Base */,
			);
			name = LaunchScreen.storyboard;
			sourceTree = "<group>";
		};
/* End PBXVariantGroup section */

/* Begin XCBuildConfiguration section */
		A80F6C1D2307FE2500B58F18 /* Debug */ = {
			isa = XCBuildConfiguration;
			buildSettings = {
				ALWAYS_SEARCH_USER_PATHS = NO;
				CLANG_ANALYZER_NONNULL = YES;
				CLANG_ANALYZER_NUMBER_OBJECT_CONVERSION = YES_AGGRESSIVE;
				CLANG_CXX_LANGUAGE_STANDARD = "gnu++14";
				CLANG_CXX_LIBRARY = "libc++";
				CLANG_ENABLE_MODULES = YES;
				CLANG_ENABLE_OBJC_ARC = YES;
				CLANG_ENABLE_OBJC_WEAK = YES;
				CLANG_WARN_BLOCK_CAPTURE_AUTORELEASING = YES;
				CLANG_WARN_BOOL_CONVERSION = YES;
				CLANG_WARN_COMMA = YES;
				CLANG_WARN_CONSTANT_CONVERSION = YES;
				CLANG_WARN_DEPRECATED_OBJC_IMPLEMENTATIONS = YES;
				CLANG_WARN_DIRECT_OBJC_ISA_USAGE = YES_ERROR;
				CLANG_WARN_DOCUMENTATION_COMMENTS = YES;
				CLANG_WARN_EMPTY_BODY = YES;
				CLANG_WARN_ENUM_CONVERSION = YES;
				CLANG_WARN_INFINITE_RECURSION = YES;
				CLANG_WARN_INT_CONVERSION = YES;
				CLANG_WARN_NON_LITERAL_NULL_CONVERSION = YES;
				CLANG_WARN_OBJC_IMPLICIT_RETAIN_SELF = YES;
				CLANG_WARN_OBJC_LITERAL_CONVERSION = YES;
				CLANG_WARN_OBJC_ROOT_CLASS = YES_ERROR;
				CLANG_WARN_RANGE_LOOP_ANALYSIS = YES;
				CLANG_WARN_STRICT_PROTOTYPES = YES;
				CLANG_WARN_SUSPICIOUS_MOVE = YES;
				CLANG_WARN_UNGUARDED_AVAILABILITY = YES_AGGRESSIVE;
				CLANG_WARN_UNREACHABLE_CODE = YES;
				CLANG_WARN__DUPLICATE_METHOD_MATCH = YES;
				CODE_SIGN_IDENTITY = "iPhone Developer";
				COPY_PHASE_STRIP = NO;
				DEBUG_INFORMATION_FORMAT = dwarf;
				ENABLE_STRICT_OBJC_MSGSEND = YES;
				ENABLE_TESTABILITY = YES;
				GCC_C_LANGUAGE_STANDARD = gnu11;
				GCC_DYNAMIC_NO_PIC = NO;
				GCC_NO_COMMON_BLOCKS = YES;
				GCC_OPTIMIZATION_LEVEL = 0;
				GCC_PREPROCESSOR_DEFINITIONS = (
					"DEBUG=1",
					"$(inherited)",
				);
				GCC_WARN_64_TO_32_BIT_CONVERSION = YES;
				GCC_WARN_ABOUT_RETURN_TYPE = YES_ERROR;
				GCC_WARN_UNDECLARED_SELECTOR = YES;
				GCC_WARN_UNINITIALIZED_AUTOS = YES_AGGRESSIVE;
				GCC_WARN_UNUSED_FUNCTION = YES;
				GCC_WARN_UNUSED_VARIABLE = YES;
				IPHONEOS_DEPLOYMENT_TARGET = 12.2;
				MTL_ENABLE_DEBUG_INFO = INCLUDE_SOURCE;
				MTL_FAST_MATH = YES;
				ONLY_ACTIVE_ARCH = YES;
				SDKROOT = iphoneos;
				SWIFT_ACTIVE_COMPILATION_CONDITIONS = DEBUG;
				SWIFT_OPTIMIZATION_LEVEL = "-Onone";
			};
			name = Debug;
		};
		A80F6C1E2307FE2500B58F18 /* Release */ = {
			isa = XCBuildConfiguration;
			buildSettings = {
				ALWAYS_SEARCH_USER_PATHS = NO;
				CLANG_ANALYZER_NONNULL = YES;
				CLANG_ANALYZER_NUMBER_OBJECT_CONVERSION = YES_AGGRESSIVE;
				CLANG_CXX_LANGUAGE_STANDARD = "gnu++14";
				CLANG_CXX_LIBRARY = "libc++";
				CLANG_ENABLE_MODULES = YES;
				CLANG_ENABLE_OBJC_ARC = YES;
				CLANG_ENABLE_OBJC_WEAK = YES;
				CLANG_WARN_BLOCK_CAPTURE_AUTORELEASING = YES;
				CLANG_WARN_BOOL_CONVERSION = YES;
				CLANG_WARN_COMMA = YES;
				CLANG_WARN_CONSTANT_CONVERSION = YES;
				CLANG_WARN_DEPRECATED_OBJC_IMPLEMENTATIONS = YES;
				CLANG_WARN_DIRECT_OBJC_ISA_USAGE = YES_ERROR;
				CLANG_WARN_DOCUMENTATION_COMMENTS = YES;
				CLANG_WARN_EMPTY_BODY = YES;
				CLANG_WARN_ENUM_CONVERSION = YES;
				CLANG_WARN_INFINITE_RECURSION = YES;
				CLANG_WARN_INT_CONVERSION = YES;
				CLANG_WARN_NON_LITERAL_NULL_CONVERSION = YES;
				CLANG_WARN_OBJC_IMPLICIT_RETAIN_SELF = YES;
				CLANG_WARN_OBJC_LITERAL_CONVERSION = YES;
				CLANG_WARN_OBJC_ROOT_CLASS = YES_ERROR;
				CLANG_WARN_RANGE_LOOP_ANALYSIS = YES;
				CLANG_WARN_STRICT_PROTOTYPES = YES;
				CLANG_WARN_SUSPICIOUS_MOVE = YES;
				CLANG_WARN_UNGUARDED_AVAILABILITY = YES_AGGRESSIVE;
				CLANG_WARN_UNREACHABLE_CODE = YES;
				CLANG_WARN__DUPLICATE_METHOD_MATCH = YES;
				CODE_SIGN_IDENTITY = "iPhone Developer";
				COPY_PHASE_STRIP = NO;
				DEBUG_INFORMATION_FORMAT = "dwarf-with-dsym";
				ENABLE_NS_ASSERTIONS = NO;
				ENABLE_STRICT_OBJC_MSGSEND = YES;
				GCC_C_LANGUAGE_STANDARD = gnu11;
				GCC_NO_COMMON_BLOCKS = YES;
				GCC_WARN_64_TO_32_BIT_CONVERSION = YES;
				GCC_WARN_ABOUT_RETURN_TYPE = YES_ERROR;
				GCC_WARN_UNDECLARED_SELECTOR = YES;
				GCC_WARN_UNINITIALIZED_AUTOS = YES_AGGRESSIVE;
				GCC_WARN_UNUSED_FUNCTION = YES;
				GCC_WARN_UNUSED_VARIABLE = YES;
				IPHONEOS_DEPLOYMENT_TARGET = 12.2;
				MTL_ENABLE_DEBUG_INFO = NO;
				MTL_FAST_MATH = YES;
				SDKROOT = iphoneos;
				SWIFT_COMPILATION_MODE = wholemodule;
				SWIFT_OPTIMIZATION_LEVEL = "-O";
				VALIDATE_PRODUCT = YES;
			};
			name = Release;
		};
		A80F6C202307FE2500B58F18 /* Debug */ = {
			isa = XCBuildConfiguration;
			buildSettings = {
				ASSETCATALOG_COMPILER_APPICON_NAME = AppIcon;
				CODE_SIGN_STYLE = Automatic;
				DEVELOPMENT_TEAM = PY8GD98FSY;
				INFOPLIST_FILE = APITestDemo/Info.plist;
				LD_RUNPATH_SEARCH_PATHS = (
					"$(inherited)",
					"@executable_path/Frameworks",
				);
				PRODUCT_BUNDLE_IDENTIFIER = com.jo.APITestDemo;
				PRODUCT_NAME = "$(TARGET_NAME)";
				SWIFT_VERSION = 5.0;
				TARGETED_DEVICE_FAMILY = "1,2";
			};
			name = Debug;
		};
		A80F6C212307FE2500B58F18 /* Release */ = {
			isa = XCBuildConfiguration;
			buildSettings = {
				ASSETCATALOG_COMPILER_APPICON_NAME = AppIcon;
				CODE_SIGN_STYLE = Automatic;
				DEVELOPMENT_TEAM = PY8GD98FSY;
				INFOPLIST_FILE = APITestDemo/Info.plist;
				LD_RUNPATH_SEARCH_PATHS = (
					"$(inherited)",
					"@executable_path/Frameworks",
				);
				PRODUCT_BUNDLE_IDENTIFIER = com.jo.APITestDemo;
				PRODUCT_NAME = "$(TARGET_NAME)";
				SWIFT_VERSION = 5.0;
				TARGETED_DEVICE_FAMILY = "1,2";
			};
			name = Release;
		};
/* End XCBuildConfiguration section */

/* Begin XCConfigurationList section */
		A80F6C052307FE2300B58F18 /* Build configuration list for PBXProject "APITestDemo" */ = {
			isa = XCConfigurationList;
			buildConfigurations = (
				A80F6C1D2307FE2500B58F18 /* Debug */,
				A80F6C1E2307FE2500B58F18 /* Release */,
			);
			defaultConfigurationIsVisible = 0;
			defaultConfigurationName = Release;
		};
		A80F6C1F2307FE2500B58F18 /* Build configuration list for PBXNativeTarget "APITestDemo" */ = {
			isa = XCConfigurationList;
			buildConfigurations = (
				A80F6C202307FE2500B58F18 /* Debug */,
				A80F6C212307FE2500B58F18 /* Release */,
			);
			defaultConfigurationIsVisible = 0;
			defaultConfigurationName = Release;
		};
/* End XCConfigurationList section */

/* Begin XCVersionGroup section */
		A80F6C142307FE2300B58F18 /* APITestDemo.xcdatamodeld */ = {
			isa = XCVersionGroup;
			children = (
				A80F6C152307FE2300B58F18 /* APITestDemo.xcdatamodel */,
			);
			currentVersion = A80F6C152307FE2300B58F18 /* APITestDemo.xcdatamodel */;
			path = APITestDemo.xcdatamodeld;
			sourceTree = "<group>";
			versionGroupType = wrapper.xcdatamodel;
		};
/* End XCVersionGroup section */
	};
	rootObject = A80F6C022307FE2300B58F18 /* Project object */;
}
